<?xml version="1.0" encoding="utf-8"?>
<Project ToolsVersion="4.0" xmlns="http://schemas.microsoft.com/developer/msbuild/2003">
  <ItemGroup>
    <Filter Include="Source Files">
      <UniqueIdentifier>{4FC737F1-C7A5-4376-A066-2A32D752A2FF}</UniqueIdentifier>
      <Extensions>cpp;c;cc;cxx;c++;cppm;ixx;def;odl;idl;hpj;bat;asm;asmx</Extensions>
    </Filter>
    <Filter Include="Header Files">
      <UniqueIdentifier>{93995380-89BD-4b04-88EB-625FBE52EBFB}</UniqueIdentifier>
      <Extensions>h;hh;hpp;hxx;h++;hm;inl;inc;ipp;xsd</Extensions>
    </Filter>
    <Filter Include="Resource Files">
      <UniqueIdentifier>{67DA6AB6-F800-4c08-8B7A-83BB121AAD01}</UniqueIdentifier>
      <Extensions>rc;ico;cur;bmp;dlg;rc2;rct;bin;rgs;gif;jpg;jpeg;jpe;resx;tiff;tif;png;wav;mfcribbon-ms</Extensions>
    </Filter>
    <Filter Include="Source Files\Monsters">
      <UniqueIdentifier>{84ace7cc-504d-4770-94f5-928bd71f14ad}</UniqueIdentifier>
    </Filter>
  </ItemGroup>
  <ItemGroup>
    <ClCompile Include="Main.cpp">
      <Filter>Source Files</Filter>
    </ClCompile>
    <ClCompile Include="Sprites\PlayerCharacter.cpp">
      <Filter>Source Files</Filter>
    </ClCompile>
    <ClCompile Include="Sprites\SpriteType.cpp">
      <Filter>Source Files</Filter>
    </ClCompile>
    <ClCompile Include="Sprites\PokemonGrass.cpp">
      <Filter>Source Files</Filter>
    </ClCompile>
    <ClCompile Include="WorldMap\WorldMap.cpp">
      <Filter>Source Files</Filter>
    </ClCompile>
    <ClCompile Include="TitleScreen\TitleScreen.cpp">
      <Filter>Source Files</Filter>
    </ClCompile>
    <ClCompile Include="Sprites\Button.cpp">
      <Filter>Source Files</Filter>
    </ClCompile>
    <ClCompile Include="Battle\InitiateBattle.cpp">
      <Filter>Source Files</Filter>
    </ClCompile>
    <ClCompile Include="Pokemon\PokemonType.cpp">
      <Filter>Source Files</Filter>
    </ClCompile>
    <ClCompile Include="Pokemon\PokemonTypeChart.cpp">
      <Filter>Source Files</Filter>
    </ClCompile>
    <ClCompile Include="Pokemon\Moves\Move.cpp">
      <Filter>Source Files</Filter>
    </ClCompile>
    <ClCompile Include="Pokemon\Moves\MoveCategory.cpp">
      <Filter>Source Files</Filter>
    </ClCompile>
    <ClCompile Include="Pokemon\Moves\MoveManager.cpp">
      <Filter>Source Files</Filter>
    </ClCompile>
  </ItemGroup>
  <ItemGroup>
    <Text Include="WorldMap\TextMaps\MapOne.txt" />
  </ItemGroup>
  <ItemGroup>
    <ClInclude Include="Sprites\SpriteHeader.h">
      <Filter>Header Files</Filter>
    </ClInclude>
    <ClInclude Include="Sprites\PlayerCharacter.h">
      <Filter>Header Files</Filter>
    </ClInclude>
    <ClInclude Include="WorldMap\WorldMap.h">
      <Filter>Header Files</Filter>
    </ClInclude>
    <ClInclude Include="TitleScreen\TitleScreenHeader.h">
      <Filter>Header Files</Filter>
    </ClInclude>
    <ClInclude Include="Sprites\Button.h">
      <Filter>Header Files</Filter>
    </ClInclude>
    <ClInclude Include="Battle\InitiateBattle.h">
      <Filter>Header Files</Filter>
    </ClInclude>
    <ClInclude Include="Pokemon\PokemonType.h">
      <Filter>Header Files</Filter>
    </ClInclude>
    <ClInclude Include="Pokemon\PokemonTypeChart.h">
      <Filter>Header Files</Filter>
    </ClInclude>
    <ClInclude Include="Pokemon\Moves\Move.h">
      <Filter>Header Files</Filter>
    </ClInclude>
    <ClInclude Include="Pokemon\Moves\MoveCategory.h">
      <Filter>Header Files</Filter>
    </ClInclude>
    <ClInclude Include="Pokemon\Moves\MoveManager.h">
      <Filter>Header Files</Filter>
    </ClInclude>
    <ClInclude Include="Pokemon\Pokemon.h">
      <Filter>Header Files</Filter>
    </ClInclude>
    <ClInclude Include="Pokemon\PokemonManager.h">
      <Filter>Header Files</Filter>
    </ClInclude>
  </ItemGroup>
  <ItemGroup>
    <None Include="packages.config" />
  </ItemGroup>
</Project>